
Microsoft Visual Studio Solution File, Format Version 12.00
# Visual Studio Version 17
VisualStudioVersion = 17.2.32630.192
MinimumVisualStudioVersion = 10.0.40219.1
Project("{FAE04EC0-301F-11D3-BF4B-00C04F79EFBC}") = "HealthSystem", "HealthSystem\HealthSystem.csproj", "{2BD11823-EEEB-41B2-AA99-3CD55DC1E011}"
EndProject
Global
	GlobalSection(SolutionConfigurationPlatforms) = preSolution
		Debug|Any CPU = Debug|Any CPU
		Release|Any CPU = Release|Any CPU
	EndGlobalSection
	GlobalSection(ProjectConfigurationPlatforms) = postSolution
		{2BD11823-EEEB-41B2-AA99-3CD55DC1E011}.Debug|Any CPU.ActiveCfg = Debug|Any CPU
		{2BD11823-EEEB-41B2-AA99-3CD55DC1E011}.Debug|Any CPU.Build.0 = Debug|Any CPU
		{2BD11823-EEEB-41B2-AA99-3CD55DC1E011}.Release|Any CPU.ActiveCfg = Release|Any CPU
		{2BD11823-EEEB-41B2-AA99-3CD55DC1E011}.Release|Any CPU.Build.0 = Release|Any CPU
	EndGlobalSection
	GlobalSection(SolutionProperties) = preSolution
		HideSolutionNode = FALSE
	EndGlobalSection
	GlobalSection(ExtensibilityGlobals) = postSolution
		SolutionGuid = {F641E1CC-45D1-4714-BCD5-62EA40E150F6}
	EndGlobalSection
EndGlobal
